
Microsoft Visual Studio Solution File, Format Version 12.00
# Visual Studio Version 17
VisualStudioVersion = 17.6.33723.286
MinimumVisualStudioVersion = 10.0.40219.1
Project("{9A19103F-16F7-4668-BE54-9A1E7A4F7556}") = "Database", "Database\Database.csproj", "{EA866AA9-3876-48E4-833D-D60F9B209056}"
EndProject
Project("{9A19103F-16F7-4668-BE54-9A1E7A4F7556}") = "PersonasAPI", "PersonasAPI\PersonasAPI.csproj", "{12DC0A37-FBA9-4CFB-941A-EDD225BD06F1}"
EndProject
Global
	GlobalSection(SolutionConfigurationPlatforms) = preSolution
		Debug|Any CPU = Debug|Any CPU
		Release|Any CPU = Release|Any CPU
	EndGlobalSection
	GlobalSection(ProjectConfigurationPlatforms) = postSolution
		{EA866AA9-3876-48E4-833D-D60F9B209056}.Debug|Any CPU.ActiveCfg = Debug|Any CPU
		{EA866AA9-3876-48E4-833D-D60F9B209056}.Debug|Any CPU.Build.0 = Debug|Any CPU
		{EA866AA9-3876-48E4-833D-D60F9B209056}.Release|Any CPU.ActiveCfg = Release|Any CPU
		{EA866AA9-3876-48E4-833D-D60F9B209056}.Release|Any CPU.Build.0 = Release|Any CPU
		{12DC0A37-FBA9-4CFB-941A-EDD225BD06F1}.Debug|Any CPU.ActiveCfg = Debug|Any CPU
		{12DC0A37-FBA9-4CFB-941A-EDD225BD06F1}.Debug|Any CPU.Build.0 = Debug|Any CPU
		{12DC0A37-FBA9-4CFB-941A-EDD225BD06F1}.Release|Any CPU.ActiveCfg = Release|Any CPU
		{12DC0A37-FBA9-4CFB-941A-EDD225BD06F1}.Release|Any CPU.Build.0 = Release|Any CPU
	EndGlobalSection
	GlobalSection(SolutionProperties) = preSolution
		HideSolutionNode = FALSE
	EndGlobalSection
	GlobalSection(ExtensibilityGlobals) = postSolution
		SolutionGuid = {0B5D5087-23DC-4854-96A5-A6BE1356F6CC}
	EndGlobalSection
EndGlobal
